{
  "originHash" : "f73d923a0e1dfa1cc500d286765b92208a7964ca350ff8eeb6352bc953352267",
  "pins" : [
    {
      "identity" : "ansi",
      "kind" : "remoteSourceControl",
      "location" : "https://github.com/leviouwendijk/ANSI",
      "state" : {
        "branch" : "master",
        "revision" : "073d9ca7870b688a312608acf14eae6ba052c0d6"
      }
    },
    {
      "identity" : "arguments",
      "kind" : "remoteSourceControl",
      "location" : "https://github.com/leviouwendijk/Arguments.git",
      "state" : {
        "branch" : "master",
        "revision" : "d4ea1ad418c54380fde04cefacf5d59fa90054ba"
      }
    },
    {
      "identity" : "clipboard",
      "kind" : "remoteSourceControl",
      "location" : "https://github.com/leviouwendijk/Clipboard.git",
      "state" : {
        "branch" : "master",
        "revision" : "01f5f9aa53fe3dd2cb3e227117e4a850e4be05c6"
      }
    },
    {
      "identity" : "difference",
      "kind" : "remoteSourceControl",
      "location" : "https://github.com/leviouwendijk/Difference",
      "state" : {
        "branch" : "master",
        "revision" : "7d295238c789f009fd720f3cf5ca8e730068c0c5"
      }
    },
    {
      "identity" : "dsl",
      "kind" : "remoteSourceControl",
      "location" : "https://github.com/leviouwendijk/DSL",
      "state" : {
        "branch" : "master",
        "revision" : "30ec6798f883b91f697d060bb001e0e4f7a09225"
      }
    },
    {
      "identity" : "filetypes",
      "kind" : "remoteSourceControl",
      "location" : "https://github.com/leviouwendijk/FileTypes.git",
      "state" : {
        "branch" : "master",
        "revision" : "f0c1d8bf5beda0de51c9e95b687fbdec9e4ce7b0"
      }
    },
    {
      "identity" : "io",
      "kind" : "remoteSourceControl",
      "location" : "https://github.com/leviouwendijk/IO.git",
      "state" : {
        "branch" : "master",
        "revision" : "cb8775249cb785f25ddee26caeae6c2db07eaa2e"
      }
    },
    {
      "identity" : "methods",
      "kind" : "remoteSourceControl",
      "location" : "https://github.com/leviouwendijk/Methods.git",
      "state" : {
        "branch" : "master",
        "revision" : "62656c2e32b7889df68415464b67b440f7e7e464"
      }
    },
    {
      "identity" : "parsing",
      "kind" : "remoteSourceControl",
      "location" : "https://github.com/leviouwendijk/Parsing.git",
      "state" : {
        "branch" : "master",
        "revision" : "b415cec83b0499158df5d0faeb760a2d4943d236"
      }
    },
    {
      "identity" : "path",
      "kind" : "remoteSourceControl",
      "location" : "https://github.com/leviouwendijk/Path.git",
      "state" : {
        "branch" : "master",
        "revision" : "95fefcdcb3b27fac6163cc998911fcc8a223ccf1"
      }
    },
    {
      "identity" : "position",
      "kind" : "remoteSourceControl",
      "location" : "https://github.com/leviouwendijk/Position.git",
      "state" : {
        "branch" : "master",
        "revision" : "66a8219a6780a6346e55c9531f8fabaa4ff713d9"
      }
    },
    {
      "identity" : "primitives",
      "kind" : "remoteSourceControl",
      "location" : "https://github.com/leviouwendijk/Primitives.git",
      "state" : {
        "branch" : "master",
        "revision" : "e626fa0746aee024729bf56549e774d13aa17099"
      }
    },
    {
      "identity" : "protocolcomponents",
      "kind" : "remoteSourceControl",
      "location" : "https://github.com/leviouwendijk/ProtocolComponents.git",
      "state" : {
        "branch" : "master",
        "revision" : "866ef7b22350aac41f455c5b2188f95f411a4507"
      }
    },
    {
      "identity" : "readers",
      "kind" : "remoteSourceControl",
      "location" : "https://github.com/leviouwendijk/Readers.git",
      "state" : {
        "branch" : "master",
        "revision" : "c47991874555ffd0b01ec504d3ba98afde0c1677"
      }
    },
    {
      "identity" : "strings",
      "kind" : "remoteSourceControl",
      "location" : "https://github.com/leviouwendijk/Strings",
      "state" : {
        "branch" : "master",
        "revision" : "86a939d7bbb3e25808f88fbcedcee4069a5a5ae1"
      }
    },
    {
      "identity" : "swim",
      "kind" : "remoteSourceControl",
      "location" : "https://github.com/leviouwendijk/Swim.git",
      "state" : {
        "branch" : "master",
        "revision" : "c5c4a1be6ad0b4039cdc92573353f7dd8943183d"
      }
    },
    {
      "identity" : "swiminterpreter",
      "kind" : "remoteSourceControl",
      "location" : "https://github.com/leviouwendijk/SwimInterpreter.git",
      "state" : {
        "branch" : "master",
        "revision" : "cda871b5496777ab1de6ba16501310781260bc26"
      }
    },
    {
      "identity" : "swimio",
      "kind" : "remoteSourceControl",
      "location" : "https://github.com/leviouwendijk/SwimIO.git",
      "state" : {
        "branch" : "master",
        "revision" : "a89344f22ab67a729e244ce1576711ae0fcaa537"
      }
    },
    {
      "identity" : "terminal",
      "kind" : "remoteSourceControl",
      "location" : "https://github.com/leviouwendijk/Terminal.git",
      "state" : {
        "branch" : "master",
        "revision" : "743e4c625888f5216fe54a4087597e5cbff86027"
      }
    },
    {
      "identity" : "testflows",
      "kind" : "remoteSourceControl",
      "location" : "https://github.com/leviouwendijk/TestFlows.git",
      "state" : {
        "branch" : "master",
        "revision" : "ef72deb44f924372959189d0c258c5cf7e2ba8ae"
      }
    },
    {
      "identity" : "writers",
      "kind" : "remoteSourceControl",
      "location" : "https://github.com/leviouwendijk/Writers.git",
      "state" : {
        "branch" : "master",
        "revision" : "c7ff138fa30f6daf3570a03540ab55bfae5767a3"
      }
    }
  ],
  "version" : 3
}
